{
    "name": "19-Rollup",
    "version": "1.0.0",
    "lockfileVersion": 1,
    "requires": true,
    "dependencies": {
        "@babel/code-frame": {
            "version": "7.10.4",
            "resolved": "https://registry.npm.taobao.org/@babel/code-frame/download/@babel/code-frame-7.10.4.tgz",
            "integrity": "sha1-Fo2ho26Q2miujUnA8bSMfGJJITo=",
            "dev": true,
            "requires": {
                "@babel/highlight": "^7.10.4"
            }
        },
        "@babel/core": {
            "version": "7.11.6",
            "resolved": "https://registry.npm.taobao.org/@babel/core/download/@babel/core-7.11.6.tgz?cache=0&sync_timestamp=1599146948933&other_urls=https%3A%2F%2Fregistry.npm.taobao.org%2F%40babel%2Fcore%2Fdownload%2F%40babel%2Fcore-7.11.6.tgz",
            "integrity": "sha1-OpRV3HOH/xusRXcGULwTugShVlE=",
            "dev": true,
            "requires": {
                "@babel/code-frame": "^7.10.4",
                "@babel/generator": "^7.11.6",
                "@babel/helper-module-transforms": "^7.11.0",
                "@babel/helpers": "^7.10.4",
                "@babel/parser": "^7.11.5",
                "@babel/template": "^7.10.4",
                "@babel/traverse": "^7.11.5",
                "@babel/types": "^7.11.5",
                "convert-source-map": "^1.7.0",
                "debug": "^4.1.0",
                "gensync": "^1.0.0-beta.1",
                "json5": "^2.1.2",
                "lodash": "^4.17.19",
                "resolve": "^1.3.2",
                "semver": "^5.4.1",
                "source-map": "^0.5.0"
            }
        },
        "@babel/generator": {
            "version": "7.11.6",
            "resolved": "https://registry.npm.taobao.org/@babel/generator/download/@babel/generator-7.11.6.tgz?cache=0&sync_timestamp=1599146950377&other_urls=https%3A%2F%2Fregistry.npm.taobao.org%2F%40babel%2Fgenerator%2Fdownload%2F%40babel%2Fgenerator-7.11.6.tgz",
            "integrity": "sha1-uGiQD4GxY7TUZOokVFxhy6xNxiA=",
            "dev": true,
            "requires": {
                "@babel/types": "^7.11.5",
                "jsesc": "^2.5.1",
                "source-map": "^0.5.0"
            }
        },
        "@babel/helper-function-name": {
            "version": "7.10.4",
            "resolved": "https://registry.npm.taobao.org/@babel/helper-function-name/download/@babel/helper-function-name-7.10.4.tgz",
            "integrity": "sha1-0tOyDFmtjEcRL6fSqUvAnV74Lxo=",
            "dev": true,
            "requires": {
                "@babel/helper-get-function-arity": "^7.10.4",
                "@babel/template": "^7.10.4",
                "@babel/types": "^7.10.4"
            }
        },
        "@babel/helper-get-function-arity": {
            "version": "7.10.4",
            "resolved": "https://registry.npm.taobao.org/@babel/helper-get-function-arity/download/@babel/helper-get-function-arity-7.10.4.tgz",
            "integrity": "sha1-mMHL6g4jMvM/mkZhuM4VBbLBm6I=",
            "dev": true,
            "requires": {
                "@babel/types": "^7.10.4"
            }
        },
        "@babel/helper-member-expression-to-functions": {
            "version": "7.11.0",
            "resolved": "https://registry.npm.taobao.org/@babel/helper-member-expression-to-functions/download/@babel/helper-member-expression-to-functions-7.11.0.tgz?cache=0&sync_timestamp=1596143087677&other_urls=https%3A%2F%2Fregistry.npm.taobao.org%2F%40babel%2Fhelper-member-expression-to-functions%2Fdownload%2F%40babel%2Fhelper-member-expression-to-functions-7.11.0.tgz",
            "integrity": "sha1-rmnIPYTugvS0L5bioJQQk1qPJt8=",
            "dev": true,
            "requires": {
                "@babel/types": "^7.11.0"
            }
        },
        "@babel/helper-module-imports": {
            "version": "7.10.4",
            "resolved": "https://registry.npm.taobao.org/@babel/helper-module-imports/download/@babel/helper-module-imports-7.10.4.tgz",
            "integrity": "sha1-TFxUvgS9MWcKc4J5fXW5+i5bViA=",
            "dev": true,
            "requires": {
                "@babel/types": "^7.10.4"
            }
        },
        "@babel/helper-module-transforms": {
            "version": "7.11.0",
            "resolved": "https://registry.npm.taobao.org/@babel/helper-module-transforms/download/@babel/helper-module-transforms-7.11.0.tgz?cache=0&sync_timestamp=1596144809284&other_urls=https%3A%2F%2Fregistry.npm.taobao.org%2F%40babel%2Fhelper-module-transforms%2Fdownload%2F%40babel%2Fhelper-module-transforms-7.11.0.tgz",
            "integrity": "sha1-sW8lAinkchGr3YSzS2RzfCqy01k=",
            "dev": true,
            "requires": {
                "@babel/helper-module-imports": "^7.10.4",
                "@babel/helper-replace-supers": "^7.10.4",
                "@babel/helper-simple-access": "^7.10.4",
                "@babel/helper-split-export-declaration": "^7.11.0",
                "@babel/template": "^7.10.4",
                "@babel/types": "^7.11.0",
                "lodash": "^4.17.19"
            }
        },
        "@babel/helper-optimise-call-expression": {
            "version": "7.10.4",
            "resolved": "https://registry.npm.taobao.org/@babel/helper-optimise-call-expression/download/@babel/helper-optimise-call-expression-7.10.4.tgz?cache=0&sync_timestamp=1593522867935&other_urls=https%3A%2F%2Fregistry.npm.taobao.org%2F%40babel%2Fhelper-optimise-call-expression%2Fdownload%2F%40babel%2Fhelper-optimise-call-expression-7.10.4.tgz",
            "integrity": "sha1-UNyWQT1ZT5lad5BZBbBYk813lnM=",
            "dev": true,
            "requires": {
                "@babel/types": "^7.10.4"
            }
        },
        "@babel/helper-replace-supers": {
            "version": "7.10.4",
            "resolved": "https://registry.npm.taobao.org/@babel/helper-replace-supers/download/@babel/helper-replace-supers-7.10.4.tgz",
            "integrity": "sha1-1YXNk4jqBuYDHkzUS2cTy+rZ5s8=",
            "dev": true,
            "requires": {
                "@babel/helper-member-expression-to-functions": "^7.10.4",
                "@babel/helper-optimise-call-expression": "^7.10.4",
                "@babel/traverse": "^7.10.4",
                "@babel/types": "^7.10.4"
            }
        },
        "@babel/helper-simple-access": {
            "version": "7.10.4",
            "resolved": "https://registry.npm.taobao.org/@babel/helper-simple-access/download/@babel/helper-simple-access-7.10.4.tgz",
            "integrity": "sha1-D1zNopRSd6KnotOoIeFTle3PNGE=",
            "dev": true,
            "requires": {
                "@babel/template": "^7.10.4",
                "@babel/types": "^7.10.4"
            }
        },
        "@babel/helper-split-export-declaration": {
            "version": "7.11.0",
            "resolved": "https://registry.npm.taobao.org/@babel/helper-split-export-declaration/download/@babel/helper-split-export-declaration-7.11.0.tgz?cache=0&sync_timestamp=1596144786980&other_urls=https%3A%2F%2Fregistry.npm.taobao.org%2F%40babel%2Fhelper-split-export-declaration%2Fdownload%2F%40babel%2Fhelper-split-export-declaration-7.11.0.tgz",
            "integrity": "sha1-+KSRJErPamdhWKxCBykRuoOtCZ8=",
            "dev": true,
            "requires": {
                "@babel/types": "^7.11.0"
            }
        },
        "@babel/helper-validator-identifier": {
            "version": "7.10.4",
            "resolved": "https://registry.npm.taobao.org/@babel/helper-validator-identifier/download/@babel/helper-validator-identifier-7.10.4.tgz?cache=0&sync_timestamp=1593522813819&other_urls=https%3A%2F%2Fregistry.npm.taobao.org%2F%40babel%2Fhelper-validator-identifier%2Fdownload%2F%40babel%2Fhelper-validator-identifier-7.10.4.tgz",
            "integrity": "sha1-p4x6clHgH2FlEtMbEK3PUq2l4NI=",
            "dev": true
        },
        "@babel/helpers": {
            "version": "7.10.4",
            "resolved": "https://registry.npm.taobao.org/@babel/helpers/download/@babel/helpers-7.10.4.tgz",
            "integrity": "sha1-Kr6w1yGv98Cpc3a54fb2XXpHUEQ=",
            "dev": true,
            "requires": {
                "@babel/template": "^7.10.4",
                "@babel/traverse": "^7.10.4",
                "@babel/types": "^7.10.4"
            }
        },
        "@babel/highlight": {
            "version": "7.10.4",
            "resolved": "https://registry.npm.taobao.org/@babel/highlight/download/@babel/highlight-7.10.4.tgz",
            "integrity": "sha1-fRvf1ldTU4+r5sOFls23bZrGAUM=",
            "dev": true,
            "requires": {
                "@babel/helper-validator-identifier": "^7.10.4",
                "chalk": "^2.0.0",
                "js-tokens": "^4.0.0"
            }
        },
        "@babel/parser": {
            "version": "7.11.5",
            "resolved": "https://registry.npm.taobao.org/@babel/parser/download/@babel/parser-7.11.5.tgz?cache=0&sync_timestamp=1598915220397&other_urls=https%3A%2F%2Fregistry.npm.taobao.org%2F%40babel%2Fparser%2Fdownload%2F%40babel%2Fparser-7.11.5.tgz",
            "integrity": "sha1-x/9jA99xCA7HpPW4wAPFjxz1EDc=",
            "dev": true
        },
        "@babel/template": {
            "version": "7.10.4",
            "resolved": "https://registry.npm.taobao.org/@babel/template/download/@babel/template-7.10.4.tgz",
            "integrity": "sha1-MlGZbEIA68cdGo/EBfupQPNrong=",
            "dev": true,
            "requires": {
                "@babel/code-frame": "^7.10.4",
                "@babel/parser": "^7.10.4",
                "@babel/types": "^7.10.4"
            }
        },
        "@babel/traverse": {
            "version": "7.11.5",
            "resolved": "https://registry.npm.taobao.org/@babel/traverse/download/@babel/traverse-7.11.5.tgz?cache=0&sync_timestamp=1598915216462&other_urls=https%3A%2F%2Fregistry.npm.taobao.org%2F%40babel%2Ftraverse%2Fdownload%2F%40babel%2Ftraverse-7.11.5.tgz",
            "integrity": "sha1-vnd7k7UY62127i4eodFD2qEeYcM=",
            "dev": true,
            "requires": {
                "@babel/code-frame": "^7.10.4",
                "@babel/generator": "^7.11.5",
                "@babel/helper-function-name": "^7.10.4",
                "@babel/helper-split-export-declaration": "^7.11.0",
                "@babel/parser": "^7.11.5",
                "@babel/types": "^7.11.5",
                "debug": "^4.1.0",
                "globals": "^11.1.0",
                "lodash": "^4.17.19"
            }
        },
        "@babel/types": {
            "version": "7.11.5",
            "resolved": "https://registry.npm.taobao.org/@babel/types/download/@babel/types-7.11.5.tgz?cache=0&sync_timestamp=1598915216577&other_urls=https%3A%2F%2Fregistry.npm.taobao.org%2F%40babel%2Ftypes%2Fdownload%2F%40babel%2Ftypes-7.11.5.tgz",
            "integrity": "sha1-2d5XfQElLXfGgAzuA57mT691Zi0=",
            "dev": true,
            "requires": {
                "@babel/helper-validator-identifier": "^7.10.4",
                "lodash": "^4.17.19",
                "to-fast-properties": "^2.0.0"
            }
        },
        "@rollup/plugin-babel": {
            "version": "5.2.1",
            "resolved": "https://registry.npm.taobao.org/@rollup/plugin-babel/download/@rollup/plugin-babel-5.2.1.tgz",
            "integrity": "sha1-IPyPiGTcDqocVXhAhFlgaAj3KSQ=",
            "dev": true,
            "requires": {
                "@babel/helper-module-imports": "^7.10.4",
                "@rollup/pluginutils": "^3.1.0"
            }
        },
        "@rollup/plugin-json": {
            "version": "4.1.0",
            "resolved": "https://registry.npm.taobao.org/@rollup/plugin-json/download/@rollup/plugin-json-4.1.0.tgz?cache=0&other_urls=https%3A%2F%2Fregistry.npm.taobao.org%2F%40rollup%2Fplugin-json%2Fdownload%2F%40rollup%2Fplugin-json-4.1.0.tgz",
            "integrity": "sha1-VOCYZ65pY8WThE2L16nHGClElvM=",
            "dev": true,
            "requires": {
                "@rollup/pluginutils": "^3.0.8"
            }
        },
        "@rollup/plugin-node-resolve": {
            "version": "9.0.0",
            "resolved": "https://registry.npm.taobao.org/@rollup/plugin-node-resolve/download/@rollup/plugin-node-resolve-9.0.0.tgz",
            "integrity": "sha1-Ob0ANM6RJrOcFplpX0QLS30rYuY=",
            "dev": true,
            "requires": {
                "@rollup/pluginutils": "^3.1.0",
                "@types/resolve": "1.17.1",
                "builtin-modules": "^3.1.0",
                "deepmerge": "^4.2.2",
                "is-module": "^1.0.0",
                "resolve": "^1.17.0"
            }
        },
        "@rollup/pluginutils": {
            "version": "3.1.0",
            "resolved": "https://registry.npm.taobao.org/@rollup/pluginutils/download/@rollup/pluginutils-3.1.0.tgz",
            "integrity": "sha512-GksZ6pr6TpIjHm8h9lSQ8pi8BE9VeubNT0OMJ3B5uZJ8pz73NPiqOtCog/x2/QzM1ENChPKxMDhiQuRHsqc+lg==",
            "dev": true,
            "requires": {
                "@types/estree": "0.0.39",
                "estree-walker": "^1.0.1",
                "picomatch": "^2.2.2"
            }
        },
        "@types/estree": {
            "version": "0.0.39",
            "resolved": "https://registry.npm.taobao.org/@types/estree/download/@types/estree-0.0.39.tgz",
            "integrity": "sha512-EYNwp3bU+98cpU4lAWYYL7Zz+2gryWH1qbdDTidVd6hkiR6weksdbMadyXKXNPEkQFhXM+hVO9ZygomHXp+AIw==",
            "dev": true
        },
        "@types/node": {
            "version": "14.10.3",
            "resolved": "https://registry.npm.taobao.org/@types/node/download/@types/node-14.10.3.tgz?cache=0&sync_timestamp=1600297344972&other_urls=https%3A%2F%2Fregistry.npm.taobao.org%2F%40types%2Fnode%2Fdownload%2F%40types%2Fnode-14.10.3.tgz",
            "integrity": "sha1-WuHxGclmQ/ybGbLRqDv6LsPbt+o=",
            "dev": true
        },
        "@types/resolve": {
            "version": "1.17.1",
            "resolved": "https://registry.npm.taobao.org/@types/resolve/download/@types/resolve-1.17.1.tgz",
            "integrity": "sha512-yy7HuzQhj0dhGpD8RLXSZWEkLsV9ibvxvi6EiJ3bkqLAO1RGo0WbkWQiwpRlSFymTJRz0d3k5LM3kkx8ArDbLw==",
            "dev": true,
            "requires": {
                "@types/node": "*"
            }
        },
        "ansi-styles": {
            "version": "3.2.1",
            "resolved": "https://registry.npm.taobao.org/ansi-styles/download/ansi-styles-3.2.1.tgz",
            "integrity": "sha1-QfuyAkPlCxK+DwS43tvwdSDOhB0=",
            "dev": true,
            "requires": {
                "color-convert": "^1.9.0"
            }
        },
        "anymatch": {
            "version": "3.1.1",
            "resolved": "https://registry.npm.taobao.org/anymatch/download/anymatch-3.1.1.tgz",
            "integrity": "sha1-xV7PAhheJGklk5kxDBc84xIzsUI=",
            "dev": true,
            "requires": {
                "normalize-path": "^3.0.0",
                "picomatch": "^2.0.4"
            }
        },
        "binary-extensions": {
            "version": "2.1.0",
            "resolved": "https://registry.npm.taobao.org/binary-extensions/download/binary-extensions-2.1.0.tgz?cache=0&sync_timestamp=1593262912148&other_urls=https%3A%2F%2Fregistry.npm.taobao.org%2Fbinary-extensions%2Fdownload%2Fbinary-extensions-2.1.0.tgz",
            "integrity": "sha1-MPpAyef+B9vIlWeM0ocCTeokHdk=",
            "dev": true
        },
        "braces": {
            "version": "3.0.2",
            "resolved": "https://registry.npm.taobao.org/braces/download/braces-3.0.2.tgz",
            "integrity": "sha1-NFThpGLujVmeI23zNs2epPiv4Qc=",
            "dev": true,
            "requires": {
                "fill-range": "^7.0.1"
            }
        },
        "builtin-modules": {
            "version": "3.1.0",
            "resolved": "https://registry.npm.taobao.org/builtin-modules/download/builtin-modules-3.1.0.tgz",
            "integrity": "sha512-k0KL0aWZuBt2lrxrcASWDfwOLMnodeQjodT/1SxEQAXsHANgo6ZC/VEaSEHCXt7aSTZ4/4H5LKa+tBXmW7Vtvw==",
            "dev": true
        },
        "chalk": {
            "version": "2.4.2",
            "resolved": "https://registry.npm.taobao.org/chalk/download/chalk-2.4.2.tgz?cache=0&sync_timestamp=1591705162828&other_urls=https%3A%2F%2Fregistry.npm.taobao.org%2Fchalk%2Fdownload%2Fchalk-2.4.2.tgz",
            "integrity": "sha1-zUJUFnelQzPPVBpJEIwUMrRMlCQ=",
            "dev": true,
            "requires": {
                "ansi-styles": "^3.2.1",
                "escape-string-regexp": "^1.0.5",
                "supports-color": "^5.3.0"
            }
        },
        "chokidar": {
            "version": "3.4.2",
            "resolved": "https://registry.npm.taobao.org/chokidar/download/chokidar-3.4.2.tgz",
            "integrity": "sha1-ONyOZY3sOAl0HrPve7Ckf+QkIy0=",
            "dev": true,
            "requires": {
                "anymatch": "~3.1.1",
                "braces": "~3.0.2",
                "fsevents": "~2.1.2",
                "glob-parent": "~5.1.0",
                "is-binary-path": "~2.1.0",
                "is-glob": "~4.0.1",
                "normalize-path": "~3.0.0",
                "readdirp": "~3.4.0"
            }
        },
        "color-convert": {
            "version": "1.9.3",
            "resolved": "https://registry.npm.taobao.org/color-convert/download/color-convert-1.9.3.tgz",
            "integrity": "sha1-u3GFBpDh8TZWfeYp0tVHHe2kweg=",
            "dev": true,
            "requires": {
                "color-name": "1.1.3"
            }
        },
        "color-name": {
            "version": "1.1.3",
            "resolved": "https://registry.npm.taobao.org/color-name/download/color-name-1.1.3.tgz",
            "integrity": "sha1-p9BVi9icQveV3UIyj3QIMcpTvCU=",
            "dev": true
        },
        "convert-source-map": {
            "version": "1.7.0",
            "resolved": "https://registry.npm.taobao.org/convert-source-map/download/convert-source-map-1.7.0.tgz",
            "integrity": "sha1-F6LLiC1/d9NJBYXizmxSRCSjpEI=",
            "dev": true,
            "requires": {
                "safe-buffer": "~5.1.1"
            }
        },
        "debug": {
            "version": "4.1.1",
            "resolved": "https://registry.npm.taobao.org/debug/download/debug-4.1.1.tgz?cache=0&sync_timestamp=1589882007923&other_urls=https%3A%2F%2Fregistry.npm.taobao.org%2Fdebug%2Fdownload%2Fdebug-4.1.1.tgz",
            "integrity": "sha1-O3ImAlUQnGtYnO4FDx1RYTlmR5E=",
            "dev": true,
            "requires": {
                "ms": "^2.1.1"
            }
        },
        "deepmerge": {
            "version": "4.2.2",
            "resolved": "https://registry.npm.taobao.org/deepmerge/download/deepmerge-4.2.2.tgz",
            "integrity": "sha512-FJ3UgI4gIl+PHZm53knsuSFpE+nESMr7M4v9QcgB7S63Kj/6WqMiFQJpBBYz1Pt+66bZpP3Q7Lye0Oo9MPKEdg==",
            "dev": true
        },
        "escape-string-regexp": {
            "version": "1.0.5",
            "resolved": "https://registry.npm.taobao.org/escape-string-regexp/download/escape-string-regexp-1.0.5.tgz",
            "integrity": "sha1-G2HAViGQqN/2rjuyzwIAyhMLhtQ=",
            "dev": true
        },
        "estree-walker": {
            "version": "1.0.1",
            "resolved": "https://registry.npm.taobao.org/estree-walker/download/estree-walker-1.0.1.tgz",
            "integrity": "sha512-1fMXF3YP4pZZVozF8j/ZLfvnR8NSIljt56UhbZ5PeeDmmGHpgpdwQt7ITlGvYaQukCvuBRMLEiKiYC+oeIg4cg==",
            "dev": true
        },
        "fill-range": {
            "version": "7.0.1",
            "resolved": "https://registry.npm.taobao.org/fill-range/download/fill-range-7.0.1.tgz",
            "integrity": "sha1-GRmmp8df44ssfHflGYU12prN2kA=",
            "dev": true,
            "requires": {
                "to-regex-range": "^5.0.1"
            }
        },
        "fsevents": {
            "version": "2.1.3",
            "resolved": "https://registry.npm.taobao.org/fsevents/download/fsevents-2.1.3.tgz",
            "integrity": "sha1-+3OHA66NL5/pAMM4Nt3r7ouX8j4=",
            "dev": true,
            "optional": true
        },
        "gensync": {
            "version": "1.0.0-beta.1",
            "resolved": "https://registry.npm.taobao.org/gensync/download/gensync-1.0.0-beta.1.tgz",
            "integrity": "sha1-WPQ2H/mH5f9uHnohCCeqNx6qwmk=",
            "dev": true
        },
        "glob-parent": {
            "version": "5.1.1",
            "resolved": "https://registry.npm.taobao.org/glob-parent/download/glob-parent-5.1.1.tgz",
            "integrity": "sha1-tsHvQXxOVmPqSY8cRa+saRa7wik=",
            "dev": true,
            "requires": {
                "is-glob": "^4.0.1"
            }
        },
        "globals": {
            "version": "11.12.0",
            "resolved": "https://registry.npm.taobao.org/globals/download/globals-11.12.0.tgz?cache=0&sync_timestamp=1596711111019&other_urls=https%3A%2F%2Fregistry.npm.taobao.org%2Fglobals%2Fdownload%2Fglobals-11.12.0.tgz",
            "integrity": "sha1-q4eVM4hooLq9hSV1gBjCp+uVxC4=",
            "dev": true
        },
        "has-flag": {
            "version": "3.0.0",
            "resolved": "https://registry.npm.taobao.org/has-flag/download/has-flag-3.0.0.tgz",
            "integrity": "sha1-tdRU3CGZriJWmfNGfloH87lVuv0=",
            "dev": true
        },
        "is-binary-path": {
            "version": "2.1.0",
            "resolved": "https://registry.npm.taobao.org/is-binary-path/download/is-binary-path-2.1.0.tgz",
            "integrity": "sha1-6h9/O4DwZCNug0cPhsCcJU+0Wwk=",
            "dev": true,
            "requires": {
                "binary-extensions": "^2.0.0"
            }
        },
        "is-extglob": {
            "version": "2.1.1",
            "resolved": "https://registry.npm.taobao.org/is-extglob/download/is-extglob-2.1.1.tgz",
            "integrity": "sha1-qIwCU1eR8C7TfHahueqXc8gz+MI=",
            "dev": true
        },
        "is-glob": {
            "version": "4.0.1",
            "resolved": "https://registry.npm.taobao.org/is-glob/download/is-glob-4.0.1.tgz",
            "integrity": "sha1-dWfb6fL14kZ7x3q4PEopSCQHpdw=",
            "dev": true,
            "requires": {
                "is-extglob": "^2.1.1"
            }
        },
        "is-module": {
            "version": "1.0.0",
            "resolved": "https://registry.npm.taobao.org/is-module/download/is-module-1.0.0.tgz",
            "integrity": "sha512-51ypPSPCoTEIN9dy5Oy+h4pShgJmPCygKfyRCISBI+JoWT/2oJvK8QPxmwv7b/p239jXrm9M1mlQbyKJ5A152g==",
            "dev": true
        },
        "is-number": {
            "version": "7.0.0",
            "resolved": "https://registry.npm.taobao.org/is-number/download/is-number-7.0.0.tgz",
            "integrity": "sha1-dTU0W4lnNNX4DE0GxQlVUnoU8Ss=",
            "dev": true
        },
        "js-tokens": {
            "version": "4.0.0",
            "resolved": "https://registry.npm.taobao.org/js-tokens/download/js-tokens-4.0.0.tgz?cache=0&other_urls=https%3A%2F%2Fregistry.npm.taobao.org%2Fjs-tokens%2Fdownload%2Fjs-tokens-4.0.0.tgz",
            "integrity": "sha1-GSA/tZmR35jjoocFDUZHzerzJJk=",
            "dev": true
        },
        "jsesc": {
            "version": "2.5.2",
            "resolved": "https://registry.npm.taobao.org/jsesc/download/jsesc-2.5.2.tgz",
            "integrity": "sha1-gFZNLkg9rPbo7yCWUKZ98/DCg6Q=",
            "dev": true
        },
        "json5": {
            "version": "2.1.3",
            "resolved": "https://registry.npm.taobao.org/json5/download/json5-2.1.3.tgz?cache=0&sync_timestamp=1586045666090&other_urls=https%3A%2F%2Fregistry.npm.taobao.org%2Fjson5%2Fdownload%2Fjson5-2.1.3.tgz",
            "integrity": "sha1-ybD3+pIzv+WAf+ZvzzpWF+1ZfUM=",
            "dev": true,
            "requires": {
                "minimist": "^1.2.5"
            }
        },
        "lodash": {
            "version": "4.17.20",
            "resolved": "https://registry.npm.taobao.org/lodash/download/lodash-4.17.20.tgz",
            "integrity": "sha1-tEqbYpe8tpjxxRo1RaKzs2jVnFI=",
            "dev": true
        },
        "minimist": {
            "version": "1.2.5",
            "resolved": "https://registry.npm.taobao.org/minimist/download/minimist-1.2.5.tgz",
            "integrity": "sha1-Z9ZgFLZqaoqqDAg8X9WN9OTpdgI=",
            "dev": true
        },
        "ms": {
            "version": "2.1.2",
            "resolved": "https://registry.npm.taobao.org/ms/download/ms-2.1.2.tgz",
            "integrity": "sha1-0J0fNXtEP0kzgqjrPM0YOHKuYAk=",
            "dev": true
        },
        "normalize-path": {
            "version": "3.0.0",
            "resolved": "https://registry.npm.taobao.org/normalize-path/download/normalize-path-3.0.0.tgz",
            "integrity": "sha1-Dc1p/yOhybEf0JeDFmRKA4ghamU=",
            "dev": true
        },
        "path-parse": {
            "version": "1.0.6",
            "resolved": "https://registry.npm.taobao.org/path-parse/download/path-parse-1.0.6.tgz",
            "integrity": "sha512-GSmOT2EbHrINBf9SR7CDELwlJ8AENk3Qn7OikK4nFYAu3Ote2+JYNVvkpAEQm3/TLNEJFD/xZJjzyxg3KBWOzw==",
            "dev": true
        },
        "picomatch": {
            "version": "2.2.2",
            "resolved": "https://registry.npm.taobao.org/picomatch/download/picomatch-2.2.2.tgz",
            "integrity": "sha1-IfMz6ba46v8CRo9RRupAbTRfTa0=",
            "dev": true
        },
        "readdirp": {
            "version": "3.4.0",
            "resolved": "https://registry.npm.taobao.org/readdirp/download/readdirp-3.4.0.tgz",
            "integrity": "sha1-n9zN+ekVWAVEkiGsZF6DA6tbmto=",
            "dev": true,
            "requires": {
                "picomatch": "^2.2.1"
            }
        },
        "resolve": {
            "version": "1.17.0",
            "resolved": "https://registry.npm.taobao.org/resolve/download/resolve-1.17.0.tgz?cache=0&sync_timestamp=1587597454860&other_urls=https%3A%2F%2Fregistry.npm.taobao.org%2Fresolve%2Fdownload%2Fresolve-1.17.0.tgz",
            "integrity": "sha1-sllBtUloIxzC0bt2p5y38sC/hEQ=",
            "dev": true,
            "requires": {
                "path-parse": "^1.0.6"
            }
        },
        "rollup": {
            "version": "2.27.0",
            "resolved": "https://registry.npm.taobao.org/rollup/download/rollup-2.27.0.tgz",
            "integrity": "sha1-8rcKjdWDvDZ1s2aGKJqppR4nr08=",
            "dev": true,
            "requires": {
                "fsevents": "~2.1.2"
            }
        },
        "safe-buffer": {
            "version": "5.1.2",
            "resolved": "https://registry.npm.taobao.org/safe-buffer/download/safe-buffer-5.1.2.tgz",
            "integrity": "sha1-mR7GnSluAxN0fVm9/St0XDX4go0=",
            "dev": true
        },
        "sass": {
            "version": "1.26.11",
            "resolved": "https://registry.npm.taobao.org/sass/download/sass-1.26.11.tgz",
            "integrity": "sha1-DyLMSrK6J9rR1Mowg3vrNQtwmEc=",
            "dev": true,
            "requires": {
                "chokidar": ">=2.0.0 <4.0.0"
            }
        },
        "semver": {
            "version": "5.7.1",
            "resolved": "https://registry.npm.taobao.org/semver/download/semver-5.7.1.tgz?cache=0&sync_timestamp=1586886225130&other_urls=https%3A%2F%2Fregistry.npm.taobao.org%2Fsemver%2Fdownload%2Fsemver-5.7.1.tgz",
            "integrity": "sha1-qVT5Ma66UI0we78Gnv8MAclhFvc=",
            "dev": true
        },
        "source-map": {
            "version": "0.5.7",
            "resolved": "https://registry.npm.taobao.org/source-map/download/source-map-0.5.7.tgz",
            "integrity": "sha1-igOdLRAh0i0eoUyA2OpGi6LvP8w=",
            "dev": true
        },
        "supports-color": {
            "version": "5.5.0",
            "resolved": "https://registry.npm.taobao.org/supports-color/download/supports-color-5.5.0.tgz?cache=0&sync_timestamp=1598611732186&other_urls=https%3A%2F%2Fregistry.npm.taobao.org%2Fsupports-color%2Fdownload%2Fsupports-color-5.5.0.tgz",
            "integrity": "sha1-4uaaRKyHcveKHsCzW2id9lMO/I8=",
            "dev": true,
            "requires": {
                "has-flag": "^3.0.0"
            }
        },
        "to-fast-properties": {
            "version": "2.0.0",
            "resolved": "https://registry.npm.taobao.org/to-fast-properties/download/to-fast-properties-2.0.0.tgz?cache=0&sync_timestamp=1580550569293&other_urls=https%3A%2F%2Fregistry.npm.taobao.org%2Fto-fast-properties%2Fdownload%2Fto-fast-properties-2.0.0.tgz",
            "integrity": "sha1-3F5pjL0HkmW8c+A3doGk5Og/YW4=",
            "dev": true
        },
        "to-regex-range": {
            "version": "5.0.1",
            "resolved": "https://registry.npm.taobao.org/to-regex-range/download/to-regex-range-5.0.1.tgz",
            "integrity": "sha1-FkjESq58jZiKMmAY7XL1tN0DkuQ=",
            "dev": true,
            "requires": {
                "is-number": "^7.0.0"
            }
        }
    }
}
